{
  "name": "repooperator",
  "version": "0.12.0",
  "lockfileVersion": 3,
  "requires": true,
  "packages": {
    "": {
      "name": "repooperator",
      "version": "0.12.0",
      "license": "MIT",
      "bin": {
        "repooperator": "bin/repooperator.js"
      },
      "engines": {
        "node": ">=20"
      }
    }
  }
}
